
Microsoft Visual Studio Solution File, Format Version 12.00
# Visual Studio Version 16
VisualStudioVersion = 16.0.29020.237
MinimumVisualStudioVersion = 10.0.40219.1
Project("{FAE04EC0-301F-11D3-BF4B-00C04F79EFBC}") = "AspNetCoreAppInsights.WebApi", "AspNetCoreAppInsights.WebApi\AspNetCoreAppInsights.WebApi.csproj", "{8FFB1588-25BD-4721-BCD7-5BB7B2701D9C}"
EndProject
Global
	GlobalSection(SolutionConfigurationPlatforms) = preSolution
		Debug|Any CPU = Debug|Any CPU
		Release|Any CPU = Release|Any CPU
	EndGlobalSection
	GlobalSection(ProjectConfigurationPlatforms) = postSolution
		{8FFB1588-25BD-4721-BCD7-5BB7B2701D9C}.Debug|Any CPU.ActiveCfg = Debug|Any CPU
		{8FFB1588-25BD-4721-BCD7-5BB7B2701D9C}.Debug|Any CPU.Build.0 = Debug|Any CPU
		{8FFB1588-25BD-4721-BCD7-5BB7B2701D9C}.Release|Any CPU.ActiveCfg = Release|Any CPU
		{8FFB1588-25BD-4721-BCD7-5BB7B2701D9C}.Release|Any CPU.Build.0 = Release|Any CPU
	EndGlobalSection
	GlobalSection(SolutionProperties) = preSolution
		HideSolutionNode = FALSE
	EndGlobalSection
	GlobalSection(ExtensibilityGlobals) = postSolution
		SolutionGuid = {DBF44C82-EAE8-45B4-9653-FCA7A1D77BD7}
	EndGlobalSection
EndGlobal
